
Microsoft Visual Studio Solution File, Format Version 12.00
# Visual Studio Version 16
VisualStudioVersion = 16.0.29509.3
MinimumVisualStudioVersion = 10.0.40219.1
Project("{FAE04EC0-301F-11D3-BF4B-00C04F79EFBC}") = "stathis_kanellis_individual_part_b", "stathis_kanellis_individual_part_b\stathis_kanellis_individual_part_b.csproj", "{32297646-BB57-4B9C-B16C-1316A93E8495}"
EndProject
Global
	GlobalSection(SolutionConfigurationPlatforms) = preSolution
		Debug|Any CPU = Debug|Any CPU
		Release|Any CPU = Release|Any CPU
	EndGlobalSection
	GlobalSection(ProjectConfigurationPlatforms) = postSolution
		{32297646-BB57-4B9C-B16C-1316A93E8495}.Debug|Any CPU.ActiveCfg = Debug|Any CPU
		{32297646-BB57-4B9C-B16C-1316A93E8495}.Debug|Any CPU.Build.0 = Debug|Any CPU
		{32297646-BB57-4B9C-B16C-1316A93E8495}.Release|Any CPU.ActiveCfg = Release|Any CPU
		{32297646-BB57-4B9C-B16C-1316A93E8495}.Release|Any CPU.Build.0 = Release|Any CPU
	EndGlobalSection
	GlobalSection(SolutionProperties) = preSolution
		HideSolutionNode = FALSE
	EndGlobalSection
	GlobalSection(ExtensibilityGlobals) = postSolution
		SolutionGuid = {2EEAADD4-997E-45CC-B1F1-D29F776BC920}
	EndGlobalSection
EndGlobal
